
Microsoft Visual Studio Solution File, Format Version 12.00
# Visual Studio 15
VisualStudioVersion = 15.0.26124.0
MinimumVisualStudioVersion = 15.0.26124.0
Project("{2150E333-8FDC-42A3-9474-1A3956D46DE8}") = "src", "src", "{A5C2AF91-D7E9-4FFC-9EA2-55F1AC92AB91}"
EndProject
Project("{FAE04EC0-301F-11D3-BF4B-00C04F79EFBC}") = "SimpleRandomizer", "src\SimpleRandomizer\SimpleRandomizer.csproj", "{F549D5DB-3F7D-4AB6-92F3-318DBE459679}"
EndProject
Global
	GlobalSection(SolutionConfigurationPlatforms) = preSolution
		Debug|Any CPU = Debug|Any CPU
		Debug|x64 = Debug|x64
		Debug|x86 = Debug|x86
		Release|Any CPU = Release|Any CPU
		Release|x64 = Release|x64
		Release|x86 = Release|x86
	EndGlobalSection
	GlobalSection(SolutionProperties) = preSolution
		HideSolutionNode = FALSE
	EndGlobalSection
	GlobalSection(ProjectConfigurationPlatforms) = postSolution
		{F549D5DB-3F7D-4AB6-92F3-318DBE459679}.Debug|Any CPU.ActiveCfg = Debug|Any CPU
		{F549D5DB-3F7D-4AB6-92F3-318DBE459679}.Debug|Any CPU.Build.0 = Debug|Any CPU
		{F549D5DB-3F7D-4AB6-92F3-318DBE459679}.Debug|x64.ActiveCfg = Debug|Any CPU
		{F549D5DB-3F7D-4AB6-92F3-318DBE459679}.Debug|x64.Build.0 = Debug|Any CPU
		{F549D5DB-3F7D-4AB6-92F3-318DBE459679}.Debug|x86.ActiveCfg = Debug|Any CPU
		{F549D5DB-3F7D-4AB6-92F3-318DBE459679}.Debug|x86.Build.0 = Debug|Any CPU
		{F549D5DB-3F7D-4AB6-92F3-318DBE459679}.Release|Any CPU.ActiveCfg = Release|Any CPU
		{F549D5DB-3F7D-4AB6-92F3-318DBE459679}.Release|Any CPU.Build.0 = Release|Any CPU
		{F549D5DB-3F7D-4AB6-92F3-318DBE459679}.Release|x64.ActiveCfg = Release|Any CPU
		{F549D5DB-3F7D-4AB6-92F3-318DBE459679}.Release|x64.Build.0 = Release|Any CPU
		{F549D5DB-3F7D-4AB6-92F3-318DBE459679}.Release|x86.ActiveCfg = Release|Any CPU
		{F549D5DB-3F7D-4AB6-92F3-318DBE459679}.Release|x86.Build.0 = Release|Any CPU
	EndGlobalSection
	GlobalSection(NestedProjects) = preSolution
		{F549D5DB-3F7D-4AB6-92F3-318DBE459679} = {A5C2AF91-D7E9-4FFC-9EA2-55F1AC92AB91}
	EndGlobalSection
EndGlobal
